# This file is automatically @generated by Cargo.
# It is not intended for manual editing.
version = 3

[[package]]
name = "ez-rust"
version = "0.1.1"
source = "registry+https://github.com/rust-lang/crates.io-index"
checksum = "436dd7f2f2745971d3aa3be39cda372c338a0b6da93bdad3b7542f4bf623f68d"

[[package]]
name = "ez-test"
version = "0.1.0"
dependencies = [
 "ez-rust",
]
